
Microsoft Visual Studio Solution File, Format Version 12.00
# Visual Studio Version 16
VisualStudioVersion = 16.0.31729.503
MinimumVisualStudioVersion = 10.0.40219.1
Project("{FAE04EC0-301F-11D3-BF4B-00C04F79EFBC}") = "CabInvoiceGenerator", "CabInvoiceGenerator.csproj", "{DD7E520A-6925-41F5-B6B8-D045E6C3AC43}"
EndProject
Global
	GlobalSection(SolutionConfigurationPlatforms) = preSolution
		Debug|Any CPU = Debug|Any CPU
		Release|Any CPU = Release|Any CPU
	EndGlobalSection
	GlobalSection(ProjectConfigurationPlatforms) = postSolution
		{DD7E520A-6925-41F5-B6B8-D045E6C3AC43}.Debug|Any CPU.ActiveCfg = Debug|Any CPU
		{DD7E520A-6925-41F5-B6B8-D045E6C3AC43}.Debug|Any CPU.Build.0 = Debug|Any CPU
		{DD7E520A-6925-41F5-B6B8-D045E6C3AC43}.Release|Any CPU.ActiveCfg = Release|Any CPU
		{DD7E520A-6925-41F5-B6B8-D045E6C3AC43}.Release|Any CPU.Build.0 = Release|Any CPU
	EndGlobalSection
	GlobalSection(SolutionProperties) = preSolution
		HideSolutionNode = FALSE
	EndGlobalSection
	GlobalSection(ExtensibilityGlobals) = postSolution
		SolutionGuid = {CC094547-18DB-4F86-AF5C-70D7825B4CA8}
	EndGlobalSection
EndGlobal
